
Microsoft Visual Studio Solution File, Format Version 12.00
# Visual Studio 15
VisualStudioVersion = 15.0.27130.2027
MinimumVisualStudioVersion = 10.0.40219.1
Project("{9A19103F-16F7-4668-BE54-9A1E7A4F7556}") = "rip", "rip.csproj", "{45210D48-12A3-4FC0-A4BE-23141CF1BFC7}"
EndProject
Global
	GlobalSection(SolutionConfigurationPlatforms) = preSolution
		Debug|Any CPU = Debug|Any CPU
		Release|Any CPU = Release|Any CPU
	EndGlobalSection
	GlobalSection(ProjectConfigurationPlatforms) = postSolution
		{45210D48-12A3-4FC0-A4BE-23141CF1BFC7}.Debug|Any CPU.ActiveCfg = Debug|Any CPU
		{45210D48-12A3-4FC0-A4BE-23141CF1BFC7}.Debug|Any CPU.Build.0 = Debug|Any CPU
		{45210D48-12A3-4FC0-A4BE-23141CF1BFC7}.Release|Any CPU.ActiveCfg = Release|Any CPU
		{45210D48-12A3-4FC0-A4BE-23141CF1BFC7}.Release|Any CPU.Build.0 = Release|Any CPU
	EndGlobalSection
	GlobalSection(SolutionProperties) = preSolution
		HideSolutionNode = FALSE
	EndGlobalSection
	GlobalSection(ExtensibilityGlobals) = postSolution
		SolutionGuid = {AF855B9B-717E-4644-87AE-64D6EAB2856D}
	EndGlobalSection
EndGlobal
